
Microsoft Visual Studio Solution File, Format Version 12.00
# Visual Studio Version 17
VisualStudioVersion = 17.7.34031.279
MinimumVisualStudioVersion = 10.0.40219.1
Project("{FAE04EC0-301F-11D3-BF4B-00C04F79EFBC}") = "1l", "1l\1l.csproj", "{D960D1D7-0FE7-45C6-AAEB-82B63A48163C}"
EndProject
Project("{FAE04EC0-301F-11D3-BF4B-00C04F79EFBC}") = "2", "ConsoleApp1\2.csproj", "{895687C5-CFF9-42B5-AB7B-0151340477F3}"
EndProject
Project("{FAE04EC0-301F-11D3-BF4B-00C04F79EFBC}") = "3", "3\3.csproj", "{E083F99A-4430-412D-9AD5-1433A52B283B}"
EndProject
Project("{FAE04EC0-301F-11D3-BF4B-00C04F79EFBC}") = "4", "3l\4.csproj", "{C0A5B76C-17B5-4C8B-BCFE-0D8727BBF7D3}"
EndProject
Project("{FAE04EC0-301F-11D3-BF4B-00C04F79EFBC}") = "5", "5\5.csproj", "{8F39E8C1-9271-4D76-887A-07CC6C20CB05}"
EndProject
Global
	GlobalSection(SolutionConfigurationPlatforms) = preSolution
		Debug|Any CPU = Debug|Any CPU
		Release|Any CPU = Release|Any CPU
	EndGlobalSection
	GlobalSection(ProjectConfigurationPlatforms) = postSolution
		{D960D1D7-0FE7-45C6-AAEB-82B63A48163C}.Debug|Any CPU.ActiveCfg = Debug|Any CPU
		{D960D1D7-0FE7-45C6-AAEB-82B63A48163C}.Debug|Any CPU.Build.0 = Debug|Any CPU
		{D960D1D7-0FE7-45C6-AAEB-82B63A48163C}.Release|Any CPU.ActiveCfg = Release|Any CPU
		{D960D1D7-0FE7-45C6-AAEB-82B63A48163C}.Release|Any CPU.Build.0 = Release|Any CPU
		{895687C5-CFF9-42B5-AB7B-0151340477F3}.Debug|Any CPU.ActiveCfg = Debug|Any CPU
		{895687C5-CFF9-42B5-AB7B-0151340477F3}.Debug|Any CPU.Build.0 = Debug|Any CPU
		{895687C5-CFF9-42B5-AB7B-0151340477F3}.Release|Any CPU.ActiveCfg = Release|Any CPU
		{895687C5-CFF9-42B5-AB7B-0151340477F3}.Release|Any CPU.Build.0 = Release|Any CPU
		{E083F99A-4430-412D-9AD5-1433A52B283B}.Debug|Any CPU.ActiveCfg = Debug|Any CPU
		{E083F99A-4430-412D-9AD5-1433A52B283B}.Debug|Any CPU.Build.0 = Debug|Any CPU
		{E083F99A-4430-412D-9AD5-1433A52B283B}.Release|Any CPU.ActiveCfg = Release|Any CPU
		{E083F99A-4430-412D-9AD5-1433A52B283B}.Release|Any CPU.Build.0 = Release|Any CPU
		{C0A5B76C-17B5-4C8B-BCFE-0D8727BBF7D3}.Debug|Any CPU.ActiveCfg = Debug|Any CPU
		{C0A5B76C-17B5-4C8B-BCFE-0D8727BBF7D3}.Debug|Any CPU.Build.0 = Debug|Any CPU
		{C0A5B76C-17B5-4C8B-BCFE-0D8727BBF7D3}.Release|Any CPU.ActiveCfg = Release|Any CPU
		{C0A5B76C-17B5-4C8B-BCFE-0D8727BBF7D3}.Release|Any CPU.Build.0 = Release|Any CPU
		{8F39E8C1-9271-4D76-887A-07CC6C20CB05}.Debug|Any CPU.ActiveCfg = Debug|Any CPU
		{8F39E8C1-9271-4D76-887A-07CC6C20CB05}.Debug|Any CPU.Build.0 = Debug|Any CPU
		{8F39E8C1-9271-4D76-887A-07CC6C20CB05}.Release|Any CPU.ActiveCfg = Release|Any CPU
		{8F39E8C1-9271-4D76-887A-07CC6C20CB05}.Release|Any CPU.Build.0 = Release|Any CPU
	EndGlobalSection
	GlobalSection(SolutionProperties) = preSolution
		HideSolutionNode = FALSE
	EndGlobalSection
	GlobalSection(ExtensibilityGlobals) = postSolution
		SolutionGuid = {C7D5171E-E71B-4EF8-A985-E801D7D18627}
	EndGlobalSection
EndGlobal
